
Microsoft Visual Studio Solution File, Format Version 12.00
Project("{FAE04EC0-301F-11D3-BF4B-00C04F79EFBC}") = "APBD_Tutorial8", "APBD_Tutorial8\APBD_Tutorial8.csproj", "{880EC1A4-2670-41D5-BFDE-36E684EF1094}"
EndProject
Global
	GlobalSection(SolutionConfigurationPlatforms) = preSolution
		Debug|Any CPU = Debug|Any CPU
		Release|Any CPU = Release|Any CPU
	EndGlobalSection
	GlobalSection(ProjectConfigurationPlatforms) = postSolution
		{880EC1A4-2670-41D5-BFDE-36E684EF1094}.Debug|Any CPU.ActiveCfg = Debug|Any CPU
		{880EC1A4-2670-41D5-BFDE-36E684EF1094}.Debug|Any CPU.Build.0 = Debug|Any CPU
		{880EC1A4-2670-41D5-BFDE-36E684EF1094}.Release|Any CPU.ActiveCfg = Release|Any CPU
		{880EC1A4-2670-41D5-BFDE-36E684EF1094}.Release|Any CPU.Build.0 = Release|Any CPU
	EndGlobalSection
EndGlobal
